
Microsoft Visual Studio Solution File, Format Version 12.00
# Visual Studio 15
Project("{FAE04EC0-301F-11D3-BF4B-00C04F79EFBC}") = "KerioConnectPasswordsMigrator", "KerioConnectPasswordsMigrator.csproj", "{D4866959-03A2-49D1-B717-F6D370C71744}"
EndProject
Global
	GlobalSection(SolutionConfigurationPlatforms) = preSolution
		Debug|Any CPU = Debug|Any CPU
		Release|Any CPU = Release|Any CPU
	EndGlobalSection
	GlobalSection(ProjectConfigurationPlatforms) = postSolution
		{D4866959-03A2-49D1-B717-F6D370C71744}.Debug|Any CPU.ActiveCfg = Debug|Any CPU
		{D4866959-03A2-49D1-B717-F6D370C71744}.Debug|Any CPU.Build.0 = Debug|Any CPU
		{D4866959-03A2-49D1-B717-F6D370C71744}.Release|Any CPU.ActiveCfg = Release|Any CPU
		{D4866959-03A2-49D1-B717-F6D370C71744}.Release|Any CPU.Build.0 = Release|Any CPU
	EndGlobalSection
EndGlobal
